
Microsoft Visual Studio Solution File, Format Version 12.00
# Visual Studio Version 17
VisualStudioVersion = 17.4.33213.308
MinimumVisualStudioVersion = 10.0.40219.1
Project("{9A19103F-16F7-4668-BE54-9A1E7A4F7556}") = "BookEventHandler", "BookEventHandler\BookEventHandler.csproj", "{968FB529-7A70-4EAC-91D5-C147E211749C}"
EndProject
Global
	GlobalSection(SolutionConfigurationPlatforms) = preSolution
		Debug|Any CPU = Debug|Any CPU
		Release|Any CPU = Release|Any CPU
	EndGlobalSection
	GlobalSection(ProjectConfigurationPlatforms) = postSolution
		{968FB529-7A70-4EAC-91D5-C147E211749C}.Debug|Any CPU.ActiveCfg = Debug|Any CPU
		{968FB529-7A70-4EAC-91D5-C147E211749C}.Debug|Any CPU.Build.0 = Debug|Any CPU
		{968FB529-7A70-4EAC-91D5-C147E211749C}.Release|Any CPU.ActiveCfg = Release|Any CPU
		{968FB529-7A70-4EAC-91D5-C147E211749C}.Release|Any CPU.Build.0 = Release|Any CPU
	EndGlobalSection
	GlobalSection(SolutionProperties) = preSolution
		HideSolutionNode = FALSE
	EndGlobalSection
	GlobalSection(ExtensibilityGlobals) = postSolution
		SolutionGuid = {7629ADF4-E446-4FC9-B92A-D0F37C443310}
	EndGlobalSection
EndGlobal
